version = 1
revision = 2
requires-python = ">=3.12"

[[package]]
name = "big-dctap"
version = "0.2.0"
source = { virtual = "." }
dependencies = [
    { name = "dctap2shacl" },
    { name = "pyshacl" },
]

[package.dev-dependencies]
dev = [
    { name = "pytest" },
]

[package.metadata]
requires-dist = [
    { name = "dctap2shacl", specifier = ">=0.1.1" },
    { name = "pyshacl", specifier = ">=0.31.0" },
]

[package.metadata.requires-dev]
dev = [{ name = "pytest", specifier = ">=9.0.2" }]

[[package]]
name = "colorama"
version = "0.4.6"
source = { registry = "https://pypi.org/simple" }
sdist = { url = "https://files.pythonhosted.org/packages/d8/53/6f443c9a4a8358a93a6792e2acffb9d9d5cb0a5cfd8802644b7b1c9a02e4/colorama-0.4.6.tar.gz", hash = "sha256:08695f5cb7ed6e0531a20572697297273c47b8cae5a63ffc6d6ed5c201be6e44", size = 27697, upload-time = "2022-10-25T02:36:22.414Z" }
wheels = [
    { url = "https://files.pythonhosted.org/packages/d1/d6/3965ed04c63042e047cb6a3e6ed1a63a35087b6a609aa3a15ed8ac56c221/colorama-0.4.6-py2.py3-none-any.whl", hash = "sha256:4f1d9991f5acc0ca119f9d443620b77f9d6b33703e51011c16baf57afb285fc6", size = 25335, upload-time = "2022-10-25T02:36:20.889Z" },
]

[[package]]
name = "dctap2shacl"
version = "0.1.1"
source = { registry = "https://pypi.org/simple" }
dependencies = [
    { name = "rdflib" },
]
sdist = { url = "https://files.pythonhosted.org/packages/60/f3/f6b1833a0d56b0d2d90409a76df77a5b3bbed92544769fed2e2095898bc0/dctap2shacl-0.1.1.tar.gz", hash = "sha256:4d7a22d48177a8d814bc120a79724ae7bcf5291f3d3ebd7b210d25b5d93a185a", size = 4251, upload-time = "2026-01-16T15:50:45.364Z" }
wheels = [
    { url = "https://files.pythonhosted.org/packages/47/f7/7e600e0db17739d399c5c428e40765e0f1e9f338983d3d0241f9288bf759/dctap2shacl-0.1.1-py3-none-any.whl", hash = "sha256:98428fdb50f691b94c9916221b1ff1affb762d7ed6f44e3b1361e316616656bc", size = 4200, upload-time = "2026-01-16T15:50:46.071Z" },
]

[[package]]
name = "html5rdf"
version = "1.2.1"
source = { registry = "https://pypi.org/simple" }
sdist = { url = "https://files.pythonhosted.org/packages/4c/55/1b839c43f5ed8207e17a9a02d8b395179520b8b4f00c00a41e113bc205ca/html5rdf-1.2.1.tar.gz", hash = "sha256:ace9b420ce52995bb4f05e7425eedf19e433c981dfe7a831ab391e2fa2e1a195", size = 287899, upload-time = "2024-10-30T05:06:56.384Z" }
wheels = [
    { url = "https://files.pythonhosted.org/packages/7d/c9/f6e1e8567660bc5b0aba281f2b0017b2a7665fcad6bf3ed67286a0c72cd4/html5rdf-1.2.1-py2.py3-none-any.whl", hash = "sha256:1f519121bc366af3e485310dc8041d2e86e5173c1a320fac3dc9d2604069b83e", size = 109765, upload-time = "2024-10-30T05:06:52.507Z" },
]

[[package]]
name = "iniconfig"
version = "2.3.0"
source = { registry = "https://pypi.org/simple" }
sdist = { url = "https://files.pythonhosted.org/packages/72/34/14ca021ce8e5dfedc35312d08ba8bf51fdd999c576889fc2c24cb97f4f10/iniconfig-2.3.0.tar.gz", hash = "sha256:c76315c77db068650d49c5b56314774a7804df16fee4402c1f19d6d15d8c4730", size = 20503, upload-time = "2025-10-18T21:55:43.219Z" }
wheels = [
    { url = "https://files.pythonhosted.org/packages/cb/b1/3846dd7f199d53cb17f49cba7e651e9ce294d8497c8c150530ed11865bb8/iniconfig-2.3.0-py3-none-any.whl", hash = "sha256:f631c04d2c48c52b84d0d0549c99ff3859c98df65b3101406327ecc7d53fbf12", size = 7484, upload-time = "2025-10-18T21:55:41.639Z" },
]

[[package]]
name = "owlrl"
version = "7.1.4"
source = { registry = "https://pypi.org/simple" }
dependencies = [
    { name = "rdflib" },
]
sdist = { url = "https://files.pythonhosted.org/packages/d1/fc/ce12482d096d65fff01af58f555a6f25e9dbf416fad5d99f91eaab0e11ca/owlrl-7.1.4.tar.gz", hash = "sha256:60bd4067e346b9111f0a2924565afe97ac6595b98b2bbe953928b5113971daf7", size = 44420, upload-time = "2025-07-29T00:17:27.608Z" }
wheels = [
    { url = "https://files.pythonhosted.org/packages/de/78/f857ff1a7207e967dc5e8414bbcc15e0aa5cf45f693b1d2ebe2afb3eb1ce/owlrl-7.1.4-py3-none-any.whl", hash = "sha256:e78b46020169783345636da93a467d318f18700c483184dd15e885850cf64775", size = 51981, upload-time = "2025-07-29T00:17:26.229Z" },
]

[[package]]
name = "packaging"
version = "26.0"
source = { registry = "https://pypi.org/simple" }
sdist = { url = "https://files.pythonhosted.org/packages/65/ee/299d360cdc32edc7d2cf530f3accf79c4fca01e96ffc950d8a52213bd8e4/packaging-26.0.tar.gz", hash = "sha256:00243ae351a257117b6a241061796684b084ed1c516a08c48a3f7e147a9d80b4", size = 143416, upload-time = "2026-01-21T20:50:39.064Z" }
wheels = [
    { url = "https://files.pythonhosted.org/packages/b7/b9/c538f279a4e237a006a2c98387d081e9eb060d203d8ed34467cc0f0b9b53/packaging-26.0-py3-none-any.whl", hash = "sha256:b36f1fef9334a5588b4166f8bcd26a14e521f2b55e6b9de3aaa80d3ff7a37529", size = 74366, upload-time = "2026-01-21T20:50:37.788Z" },
]

[[package]]
name = "pluggy"
version = "1.6.0"
source = { registry = "https://pypi.org/simple" }
sdist = { url = "https://files.pythonhosted.org/packages/f9/e2/3e91f31a7d2b083fe6ef3fa267035b518369d9511ffab804f839851d2779/pluggy-1.6.0.tar.gz", hash = "sha256:7dcc130b76258d33b90f61b658791dede3486c3e6bfb003ee5c9bfb396dd22f3", size = 69412, upload-time = "2025-05-15T12:30:07.975Z" }
wheels = [
    { url = "https://files.pythonhosted.org/packages/54/20/4d324d65cc6d9205fabedc306948156824eb9f0ee1633355a8f7ec5c66bf/pluggy-1.6.0-py3-none-any.whl", hash = "sha256:e920276dd6813095e9377c0bc5566d94c932c33b27a3e3945d8389c374dd4746", size = 20538, upload-time = "2025-05-15T12:30:06.134Z" },
]

[[package]]
name = "prettytable"
version = "3.17.0"
source = { registry = "https://pypi.org/simple" }
dependencies = [
    { name = "wcwidth" },
]
sdist = { url = "https://files.pythonhosted.org/packages/79/45/b0847d88d6cfeb4413566738c8bbf1e1995fad3d42515327ff32cc1eb578/prettytable-3.17.0.tar.gz", hash = "sha256:59f2590776527f3c9e8cf9fe7b66dd215837cca96a9c39567414cbc632e8ddb0", size = 67892, upload-time = "2025-11-14T17:33:20.212Z" }
wheels = [
    { url = "https://files.pythonhosted.org/packages/ee/8c/83087ebc47ab0396ce092363001fa37c17153119ee282700c0713a195853/prettytable-3.17.0-py3-none-any.whl", hash = "sha256:aad69b294ddbe3e1f95ef8886a060ed1666a0b83018bbf56295f6f226c43d287", size = 34433, upload-time = "2025-11-14T17:33:19.093Z" },
]

[[package]]
name = "pygments"
version = "2.19.2"
source = { registry = "https://pypi.org/simple" }
sdist = { url = "https://files.pythonhosted.org/packages/b0/77/a5b8c569bf593b0140bde72ea885a803b82086995367bf2037de0159d924/pygments-2.19.2.tar.gz", hash = "sha256:636cb2477cec7f8952536970bc533bc43743542f70392ae026374600add5b887", size = 4968631, upload-time = "2025-06-21T13:39:12.283Z" }
wheels = [
    { url = "https://files.pythonhosted.org/packages/c7/21/705964c7812476f378728bdf590ca4b771ec72385c533964653c68e86bdc/pygments-2.19.2-py3-none-any.whl", hash = "sha256:86540386c03d588bb81d44bc3928634ff26449851e99741617ecb9037ee5ec0b", size = 1225217, upload-time = "2025-06-21T13:39:07.939Z" },
]

[[package]]
name = "pyparsing"
version = "3.3.2"
source = { registry = "https://pypi.org/simple" }
sdist = { url = "https://files.pythonhosted.org/packages/f3/91/9c6ee907786a473bf81c5f53cf703ba0957b23ab84c264080fb5a450416f/pyparsing-3.3.2.tar.gz", hash = "sha256:c777f4d763f140633dcb6d8a3eda953bf7a214dc4eff598413c070bcdc117cbc", size = 6851574, upload-time = "2026-01-21T03:57:59.36Z" }
wheels = [
    { url = "https://files.pythonhosted.org/packages/10/bd/c038d7cc38edc1aa5bf91ab8068b63d4308c66c4c8bb3cbba7dfbc049f9c/pyparsing-3.3.2-py3-none-any.whl", hash = "sha256:850ba148bd908d7e2411587e247a1e4f0327839c40e2e5e6d05a007ecc69911d", size = 122781, upload-time = "2026-01-21T03:57:55.912Z" },
]

[[package]]
name = "pyshacl"
version = "0.31.0"
source = { registry = "https://pypi.org/simple" }
dependencies = [
    { name = "owlrl" },
    { name = "packaging" },
    { name = "prettytable" },
    { name = "rdflib", extra = ["html"] },
]
sdist = { url = "https://files.pythonhosted.org/packages/61/2d/8eaada41b9b57c028a54494688e45cfeefd6756098a6bf1bfa2dd9470cdf/pyshacl-0.31.0.tar.gz", hash = "sha256:327950875a5bb0d1a15c246a8a272b2dbf6bc9b96e28cfa8fdbfa4d73aadc0ba", size = 1406151, upload-time = "2026-01-16T06:34:06.113Z" }
wheels = [
    { url = "https://files.pythonhosted.org/packages/3f/3b/ebd7c9595fcdf176555aaf2fd2254f4d890658334ca3556b611e579f8294/pyshacl-0.31.0-py3-none-any.whl", hash = "sha256:5cae2184401d956b67deebb00e3c78ab7052784741a730e52e309e33c8a0b9a5", size = 1297210, upload-time = "2026-01-16T06:34:03.679Z" },
]

[[package]]
name = "pytest"
version = "9.0.2"
source = { registry = "https://pypi.org/simple" }
dependencies = [
    { name = "colorama", marker = "sys_platform == 'win32'" },
    { name = "iniconfig" },
    { name = "packaging" },
    { name = "pluggy" },
    { name = "pygments" },
]
sdist = { url = "https://files.pythonhosted.org/packages/d1/db/7ef3487e0fb0049ddb5ce41d3a49c235bf9ad299b6a25d5780a89f19230f/pytest-9.0.2.tar.gz", hash = "sha256:75186651a92bd89611d1d9fc20f0b4345fd827c41ccd5c299a868a05d70edf11", size = 1568901, upload-time = "2025-12-06T21:30:51.014Z" }
wheels = [
    { url = "https://files.pythonhosted.org/packages/3b/ab/b3226f0bd7cdcf710fbede2b3548584366da3b19b5021e74f5bde2a8fa3f/pytest-9.0.2-py3-none-any.whl", hash = "sha256:711ffd45bf766d5264d487b917733b453d917afd2b0ad65223959f59089f875b", size = 374801, upload-time = "2025-12-06T21:30:49.154Z" },
]

[[package]]
name = "rdflib"
version = "7.5.0"
source = { registry = "https://pypi.org/simple" }
dependencies = [
    { name = "pyparsing" },
]
sdist = { url = "https://files.pythonhosted.org/packages/ec/1b/4cd9a29841951371304828d13282e27a5f25993702c7c87dcb7e0604bd25/rdflib-7.5.0.tar.gz", hash = "sha256:663083443908b1830e567350d72e74d9948b310f827966358d76eebdc92bf592", size = 4903859, upload-time = "2025-11-28T05:51:54.562Z" }
wheels = [
    { url = "https://files.pythonhosted.org/packages/b9/20/35d2baebacf357b562bd081936b66cd845775442973cb033a377fd639a84/rdflib-7.5.0-py3-none-any.whl", hash = "sha256:b011dfc40d0fc8a44252e906dcd8fc806a7859bc231be190c37e9568a31ac572", size = 587215, upload-time = "2025-11-28T05:51:38.178Z" },
]

[package.optional-dependencies]
html = [
    { name = "html5rdf" },
]

[[package]]
name = "wcwidth"
version = "0.5.2"
source = { registry = "https://pypi.org/simple" }
sdist = { url = "https://files.pythonhosted.org/packages/5f/3e/3d456efe55d2d5e7938b5f9abd68333dd8dceb14e829f51f9a8deed2217e/wcwidth-0.5.2.tar.gz", hash = "sha256:c022c39a02a0134d1e10810da36d1f984c79648181efcc70a389f4569695f5ae", size = 152817, upload-time = "2026-01-29T19:32:52.22Z" }
wheels = [
    { url = "https://files.pythonhosted.org/packages/6d/72/da5a6f511a8267f962a08637464a70409736ac72f9f75b069e0e96d69b64/wcwidth-0.5.2-py3-none-any.whl", hash = "sha256:46912178a64217749bf3426b21e36e849fbc46e05c949407b3e364d9f7ffcadf", size = 90088, upload-time = "2026-01-29T19:32:50.592Z" },
]
